
Microsoft Visual Studio Solution File, Format Version 12.00
# Visual Studio Version 16
VisualStudioVersion = 16.0.31624.102
MinimumVisualStudioVersion = 10.0.40219.1
Project("{FAE04EC0-301F-11D3-BF4B-00C04F79EFBC}") = "ArraySortingSteps", "ArraySortingSteps\ArraySortingSteps.csproj", "{440FA298-8C77-48E1-8662-85DEC4BEB856}"
EndProject
Global
	GlobalSection(SolutionConfigurationPlatforms) = preSolution
		Debug|Any CPU = Debug|Any CPU
		Release|Any CPU = Release|Any CPU
	EndGlobalSection
	GlobalSection(ProjectConfigurationPlatforms) = postSolution
		{440FA298-8C77-48E1-8662-85DEC4BEB856}.Debug|Any CPU.ActiveCfg = Debug|Any CPU
		{440FA298-8C77-48E1-8662-85DEC4BEB856}.Debug|Any CPU.Build.0 = Debug|Any CPU
		{440FA298-8C77-48E1-8662-85DEC4BEB856}.Release|Any CPU.ActiveCfg = Release|Any CPU
		{440FA298-8C77-48E1-8662-85DEC4BEB856}.Release|Any CPU.Build.0 = Release|Any CPU
	EndGlobalSection
	GlobalSection(SolutionProperties) = preSolution
		HideSolutionNode = FALSE
	EndGlobalSection
	GlobalSection(ExtensibilityGlobals) = postSolution
		SolutionGuid = {9485D6AC-B648-4EFC-9C2E-E08438961702}
	EndGlobalSection
EndGlobal
